// !$*UTF8*$!
{
	archiveVersion = 1;
	classes = {
	};
	objectVersion = 46;
	objects = {

/* Begin PBXBuildFile section */
		EB904E7618506D6400EAF456 /* Foundation.framework in Frameworks */ = {isa = PBXBuildFile; fileRef = EB904E7518506D6400EAF456 /* Foundation.framework */; };
		EB904E7818506D6400EAF456 /* CoreGraphics.framework in Frameworks */ = {isa = PBXBuildFile; fileRef = EB904E7718506D6400EAF456 /* CoreGraphics.framework */; };
		EB904E7A18506D6400EAF456 /* UIKit.framework in Frameworks */ = {isa = PBXBuildFile; fileRef = EB904E7918506D6400EAF456 /* UIKit.framework */; };
		EB904E8018506D6400EAF456 /* InfoPlist.strings in Resources */ = {isa = PBXBuildFile; fileRef = EB904E7E18506D6400EAF456 /* InfoPlist.strings */; };
		EB904E8218506D6400EAF456 /* main.m in Sources */ = {isa = PBXBuildFile; fileRef = EB904E8118506D6400EAF456 /* main.m */; };
		EB904E8618506D6400EAF456 /* AppDelegate.m in Sources */ = {isa = PBXBuildFile; fileRef = EB904E8518506D6400EAF456 /* AppDelegate.m */; };
		EB904E8918506D6400EAF456 /* Main.storyboard in Resources */ = {isa = PBXBuildFile; fileRef = EB904E8718506D6400EAF456 /* Main.storyboard */; };
		EB904E8C18506D6400EAF456 /* ViewController.m in Sources */ = {isa = PBXBuildFile; fileRef = EB904E8B18506D6400EAF456 /* ViewController.m */; };
		EB904E8E18506D6400EAF456 /* Images.xcassets in Resources */ = {isa = PBXBuildFile; fileRef = EB904E8D18506D6400EAF456 /* Images.xcassets */; };
		EB904E9518506D6400EAF456 /* XCTest.framework in Frameworks */ = {isa = PBXBuildFile; fileRef = EB904E9418506D6400EAF456 /* XCTest.framework */; };
		EB904E9618506D6400EAF456 /* Foundation.framework in Frameworks */ = {isa = PBXBuildFile; fileRef = EB904E7518506D6400EAF456 /* Foundation.framework */; };
		EB904E9718506D6400EAF456 /* UIKit.framework in Frameworks */ = {isa = PBXBuildFile; fileRef = EB904E7918506D6400EAF456 /* UIKit.framework */; };
		EB904E9F18506D6400EAF456 /* InfoPlist.strings in Resources */ = {isa = PBXBuildFile; fileRef = EB904E9D18506D6400EAF456 /* InfoPlist.strings */; };
		EB904EA118506D6400EAF456 /* btnStatusTests.m in Sources */ = {isa = PBXBuildFile; fileRef = EB904EA018506D6400EAF456 /* btnStatusTests.m */; };
/* End PBXBuildFile section */

/* Begin PBXContainerItemProxy section */
		EB904E9818506D6400EAF456 /* PBXContainerItemProxy */ = {
			isa = PBXContainerItemProxy;
			containerPortal = EB904E6A18506D6400EAF456 /* Project object */;
			proxyType = 1;
			remoteGlobalIDString = EB904E7118506D6400EAF456;
			remoteInfo = btnStatus;
		};
/* End PBXContainerItemProxy section */

/* Begin PBXFileReference section */
		EB904E7218506D6400EAF456 /* btnStatus.app */ = {isa = PBXFileReference; explicitFileType = wrapper.application; includeInIndex = 0; path = btnStatus.app; sourceTree = BUILT_PRODUCTS_DIR; };
		EB904E7518506D6400EAF456 /* Foundation.framework */ = {isa = PBXFileReference; lastKnownFileType = wrapper.framework; name = Foundation.framework; path = System/Library/Frameworks/Foundation.framework; sourceTree = SDKROOT; };
		EB904E7718506D6400EAF456 /* CoreGraphics.framework */ = {isa = PBXFileReference; lastKnownFileType = wrapper.framework; name = CoreGraphics.framework; path = System/Library/Frameworks/CoreGraphics.framework; sourceTree = SDKROOT; };
		EB904E7918506D6400EAF456 /* UIKit.framework */ = {isa = PBXFileReference; lastKnownFileType = wrapper.framework; name = UIKit.framework; path = System/Library/Frameworks/UIKit.framework; sourceTree = SDKROOT; };
		EB904E7D18506D6400EAF456 /* btnStatus-Info.plist */ = {isa = PBXFileReference; lastKnownFileType = text.plist.xml; path = "btnStatus-Info.plist"; sourceTree = "<group>"; };
		EB904E7F18506D6400EAF456 /* en */ = {isa = PBXFileReference; lastKnownFileType = text.plist.strings; name = en; path = en.lproj/InfoPlist.strings; sourceTree = "<group>"; };
		EB904E8118506D6400EAF456 /* main.m */ = {isa = PBXFileReference; lastKnownFileType = sourcecode.c.objc; path = main.m; sourceTree = "<group>"; };
		EB904E8318506D6400EAF456 /* btnStatus-Prefix.pch */ = {isa = PBXFileReference; lastKnownFileType = sourcecode.c.h; path = "btnStatus-Prefix.pch"; sourceTree = "<group>"; };
		EB904E8418506D6400EAF456 /* AppDelegate.h */ = {isa = PBXFileReference; lastKnownFileType = sourcecode.c.h; path = AppDelegate.h; sourceTree = "<group>"; };
		EB904E8518506D6400EAF456 /* AppDelegate.m */ = {isa = PBXFileReference; lastKnownFileType = sourcecode.c.objc; path = AppDelegate.m; sourceTree = "<group>"; };
		EB904E8818506D6400EAF456 /* Base */ = {isa = PBXFileReference; lastKnownFileType = file.storyboard; name = Base; path = Base.lproj/Main.storyboard; sourceTree = "<group>"; };
		EB904E8A18506D6400EAF456 /* ViewController.h */ = {isa = PBXFileReference; lastKnownFileType = sourcecode.c.h; path = ViewController.h; sourceTree = "<group>"; };
		EB904E8B18506D6400EAF456 /* ViewController.m */ = {isa = PBXFileReference; lastKnownFileType = sourcecode.c.objc; path = ViewController.m; sourceTree = "<group>"; };
		EB904E8D18506D6400EAF456 /* Images.xcassets */ = {isa = PBXFileReference; lastKnownFileType = folder.assetcatalog; path = Images.xcassets; sourceTree = "<group>"; };
		EB904E9318506D6400EAF456 /* btnStatusTests.xctest */ = {isa = PBXFileReference; explicitFileType = wrapper.cfbundle; includeInIndex = 0; path = btnStatusTests.xctest; sourceTree = BUILT_PRODUCTS_DIR; };
		EB904E9418506D6400EAF456 /* XCTest.framework */ = {isa = PBXFileReference; lastKnownFileType = wrapper.framework; name = XCTest.framework; path = Library/Frameworks/XCTest.framework; sourceTree = DEVELOPER_DIR; };
		EB904E9C18506D6400EAF456 /* btnStatusTests-Info.plist */ = {isa = PBXFileReference; lastKnownFileType = text.plist.xml; path = "btnStatusTests-Info.plist"; sourceTree = "<group>"; };
		EB904E9E18506D6400EAF456 /* en */ = {isa = PBXFileReference; lastKnownFileType = text.plist.strings; name = en; path = en.lproj/InfoPlist.strings; sourceTree = "<group>"; };
		EB904EA018506D6400EAF456 /* btnStatusTests.m */ = {isa = PBXFileReference; lastKnownFileType = sourcecode.c.objc; path = btnStatusTests.m; sourceTree = "<group>"; };
/* End PBXFileReference section */

/* Begin PBXFrameworksBuildPhase section */
		EB904E6F18506D6400EAF456 /* Frameworks */ = {
			isa = PBXFrameworksBuildPhase;
			buildActionMask = 2147483647;
			files = (
				EB904E7818506D6400EAF456 /* CoreGraphics.framework in Frameworks */,
				EB904E7A18506D6400EAF456 /* UIKit.framework in Frameworks */,
				EB904E7618506D6400EAF456 /* Foundation.framework in Frameworks */,
			);
			runOnlyForDeploymentPostprocessing = 0;
		};
		EB904E9018506D6400EAF456 /* Frameworks */ = {
			isa = PBXFrameworksBuildPhase;
			buildActionMask = 2147483647;
			files = (
				EB904E9518506D6400EAF456 /* XCTest.framework in Frameworks */,
				EB904E9718506D6400EAF456 /* UIKit.framework in Frameworks */,
				EB904E9618506D6400EAF456 /* Foundation.framework in Frameworks */,
			);
			runOnlyForDeploymentPostprocessing = 0;
		};
/* End PBXFrameworksBuildPhase section */

/* Begin PBXGroup section */
		EB904E6918506D6400EAF456 = {
			isa = PBXGroup;
			children = (
				EB904E7B18506D6400EAF456 /* btnStatus */,
				EB904E9A18506D6400EAF456 /* btnStatusTests */,
				EB904E7418506D6400EAF456 /* Frameworks */,
				EB904E7318506D6400EAF456 /* Products */,
			);
			sourceTree = "<group>";
		};
		EB904E7318506D6400EAF456 /* Products */ = {
			isa = PBXGroup;
			children = (
				EB904E7218506D6400EAF456 /* btnStatus.app */,
				EB904E9318506D6400EAF456 /* btnStatusTests.xctest */,
			);
			name = Products;
			sourceTree = "<group>";
		};
		EB904E7418506D6400EAF456 /* Frameworks */ = {
			isa = PBXGroup;
			children = (
				EB904E7518506D6400EAF456 /* Foundation.framework */,
				EB904E7718506D6400EAF456 /* CoreGraphics.framework */,
				EB904E7918506D6400EAF456 /* UIKit.framework */,
				EB904E9418506D6400EAF456 /* XCTest.framework */,
			);
			name = Frameworks;
			sourceTree = "<group>";
		};
		EB904E7B18506D6400EAF456 /* btnStatus */ = {
			isa = PBXGroup;
			children = (
				EB904E8418506D6400EAF456 /* AppDelegate.h */,
				EB904E8518506D6400EAF456 /* AppDelegate.m */,
				EB904E8718506D6400EAF456 /* Main.storyboard */,
				EB904E8A18506D6400EAF456 /* ViewController.h */,
				EB904E8B18506D6400EAF456 /* ViewController.m */,
				EB904E8D18506D6400EAF456 /* Images.xcassets */,
				EB904E7C18506D6400EAF456 /* Supporting Files */,
			);
			path = btnStatus;
			sourceTree = "<group>";
		};
		EB904E7C18506D6400EAF456 /* Supporting Files */ = {
			isa = PBXGroup;
			children = (
				EB904E7D18506D6400EAF456 /* btnStatus-Info.plist */,
				EB904E7E18506D6400EAF456 /* InfoPlist.strings */,
				EB904E8118506D6400EAF456 /* main.m */,
				EB904E8318506D6400EAF456 /* btnStatus-Prefix.pch */,
			);
			name = "Supporting Files";
			sourceTree = "<group>";
		};
		EB904E9A18506D6400EAF456 /* btnStatusTests */ = {
			isa = PBXGroup;
			children = (
				EB904EA018506D6400EAF456 /* btnStatusTests.m */,
				EB904E9B18506D6400EAF456 /* Supporting Files */,
			);
			path = btnStatusTests;
			sourceTree = "<group>";
		};
		EB904E9B18506D6400EAF456 /* Supporting Files */ = {
			isa = PBXGroup;
			children = (
				EB904E9C18506D6400EAF456 /* btnStatusTests-Info.plist */,
				EB904E9D18506D6400EAF456 /* InfoPlist.strings */,
			);
			name = "Supporting Files";
			sourceTree = "<group>";
		};
/* End PBXGroup section */

/* Begin PBXNativeTarget section */
		EB904E7118506D6400EAF456 /* btnStatus */ = {
			isa = PBXNativeTarget;
			buildConfigurationList = EB904EA418506D6400EAF456 /* Build configuration list for PBXNativeTarget "btnStatus" */;
			buildPhases = (
				EB904E6E18506D6400EAF456 /* Sources */,
				EB904E6F18506D6400EAF456 /* Frameworks */,
				EB904E7018506D6400EAF456 /* Resources */,
			);
			buildRules = (
			);
			dependencies = (
			);
			name = btnStatus;
			productName = btnStatus;
			productReference = EB904E7218506D6400EAF456 /* btnStatus.app */;
			productType = "com.apple.product-type.application";
		};
		EB904E9218506D6400EAF456 /* btnStatusTests */ = {
			isa = PBXNativeTarget;
			buildConfigurationList = EB904EA718506D6400EAF456 /* Build configuration list for PBXNativeTarget "btnStatusTests" */;
			buildPhases = (
				EB904E8F18506D6400EAF456 /* Sources */,
				EB904E9018506D6400EAF456 /* Frameworks */,
				EB904E9118506D6400EAF456 /* Resources */,
			);
			buildRules = (
			);
			dependencies = (
				EB904E9918506D6400EAF456 /* PBXTargetDependency */,
			);
			name = btnStatusTests;
			productName = btnStatusTests;
			productReference = EB904E9318506D6400EAF456 /* btnStatusTests.xctest */;
			productType = "com.apple.product-type.bundle.unit-test";
		};
/* End PBXNativeTarget section */

/* Begin PBXProject section */
		EB904E6A18506D6400EAF456 /* Project object */ = {
			isa = PBXProject;
			attributes = {
				LastUpgradeCheck = 0500;
				ORGANIZATIONNAME = Baraansoft;
				TargetAttributes = {
					EB904E9218506D6400EAF456 = {
						TestTargetID = EB904E7118506D6400EAF456;
					};
				};
			};
			buildConfigurationList = EB904E6D18506D6400EAF456 /* Build configuration list for PBXProject "btnStatus" */;
			compatibilityVersion = "Xcode 3.2";
			developmentRegion = English;
			hasScannedForEncodings = 0;
			knownRegions = (
				en,
				Base,
			);
			mainGroup = EB904E6918506D6400EAF456;
			productRefGroup = EB904E7318506D6400EAF456 /* Products */;
			projectDirPath = "";
			projectRoot = "";
			targets = (
				EB904E7118506D6400EAF456 /* btnStatus */,
				EB904E9218506D6400EAF456 /* btnStatusTests */,
			);
		};
/* End PBXProject section */

/* Begin PBXResourcesBuildPhase section */
		EB904E7018506D6400EAF456 /* Resources */ = {
			isa = PBXResourcesBuildPhase;
			buildActionMask = 2147483647;
			files = (
				EB904E8E18506D6400EAF456 /* Images.xcassets in Resources */,
				EB904E8018506D6400EAF456 /* InfoPlist.strings in Resources */,
				EB904E8918506D6400EAF456 /* Main.storyboard in Resources */,
			);
			runOnlyForDeploymentPostprocessing = 0;
		};
		EB904E9118506D6400EAF456 /* Resources */ = {
			isa = PBXResourcesBuildPhase;
			buildActionMask = 2147483647;
			files = (
				EB904E9F18506D6400EAF456 /* InfoPlist.strings in Resources */,
			);
			runOnlyForDeploymentPostprocessing = 0;
		};
/* End PBXResourcesBuildPhase section */

/* Begin PBXSourcesBuildPhase section */
		EB904E6E18506D6400EAF456 /* Sources */ = {
			isa = PBXSourcesBuildPhase;
			buildActionMask = 2147483647;
			files = (
				EB904E8C18506D6400EAF456 /* ViewController.m in Sources */,
				EB904E8618506D6400EAF456 /* AppDelegate.m in Sources */,
				EB904E8218506D6400EAF456 /* main.m in Sources */,
			);
			runOnlyForDeploymentPostprocessing = 0;
		};
		EB904E8F18506D6400EAF456 /* Sources */ = {
			isa = PBXSourcesBuildPhase;
			buildActionMask = 2147483647;
			files = (
				EB904EA118506D6400EAF456 /* btnStatusTests.m in Sources */,
			);
			runOnlyForDeploymentPostprocessing = 0;
		};
/* End PBXSourcesBuildPhase section */

/* Begin PBXTargetDependency section */
		EB904E9918506D6400EAF456 /* PBXTargetDependency */ = {
			isa = PBXTargetDependency;
			target = EB904E7118506D6400EAF456 /* btnStatus */;
			targetProxy = EB904E9818506D6400EAF456 /* PBXContainerItemProxy */;
		};
/* End PBXTargetDependency section */

/* Begin PBXVariantGroup section */
		EB904E7E18506D6400EAF456 /* InfoPlist.strings */ = {
			isa = PBXVariantGroup;
			children = (
				EB904E7F18506D6400EAF456 /* en */,
			);
			name = InfoPlist.strings;
			sourceTree = "<group>";
		};
		EB904E8718506D6400EAF456 /* Main.storyboard */ = {
			isa = PBXVariantGroup;
			children = (
				EB904E8818506D6400EAF456 /* Base */,
			);
			name = Main.storyboard;
			sourceTree = "<group>";
		};
		EB904E9D18506D6400EAF456 /* InfoPlist.strings */ = {
			isa = PBXVariantGroup;
			children = (
				EB904E9E18506D6400EAF456 /* en */,
			);
			name = InfoPlist.strings;
			sourceTree = "<group>";
		};
/* End PBXVariantGroup section */

/* Begin XCBuildConfiguration section */
		EB904EA218506D6400EAF456 /* Debug */ = {
			isa = XCBuildConfiguration;
			buildSettings = {
				ALWAYS_SEARCH_USER_PATHS = NO;
				ARCHS = "$(ARCHS_STANDARD_INCLUDING_64_BIT)";
				CLANG_CXX_LANGUAGE_STANDARD = "gnu++0x";
				CLANG_CXX_LIBRARY = "libc++";
				CLANG_ENABLE_MODULES = YES;
				CLANG_ENABLE_OBJC_ARC = YES;
				CLANG_WARN_BOOL_CONVERSION = YES;
				CLANG_WARN_CONSTANT_CONVERSION = YES;
				CLANG_WARN_DIRECT_OBJC_ISA_USAGE = YES_ERROR;
				CLANG_WARN_EMPTY_BODY = YES;
				CLANG_WARN_ENUM_CONVERSION = YES;
				CLANG_WARN_INT_CONVERSION = YES;
				CLANG_WARN_OBJC_ROOT_CLASS = YES_ERROR;
				CLANG_WARN__DUPLICATE_METHOD_MATCH = YES;
				"CODE_SIGN_IDENTITY[sdk=iphoneos*]" = "iPhone Developer";
				COPY_PHASE_STRIP = NO;
				GCC_C_LANGUAGE_STANDARD = gnu99;
				GCC_DYNAMIC_NO_PIC = NO;
				GCC_OPTIMIZATION_LEVEL = 0;
				GCC_PREPROCESSOR_DEFINITIONS = (
					"DEBUG=1",
					"$(inherited)",
				);
				GCC_SYMBOLS_PRIVATE_EXTERN = NO;
				GCC_WARN_64_TO_32_BIT_CONVERSION = YES;
				GCC_WARN_ABOUT_RETURN_TYPE = YES_ERROR;
				GCC_WARN_UNDECLARED_SELECTOR = YES;
				GCC_WARN_UNINITIALIZED_AUTOS = YES;
				GCC_WARN_UNUSED_FUNCTION = YES;
				GCC_WARN_UNUSED_VARIABLE = YES;
				IPHONEOS_DEPLOYMENT_TARGET = 7.0;
				ONLY_ACTIVE_ARCH = YES;
				SDKROOT = iphoneos;
			};
			name = Debug;
		};
		EB904EA318506D6400EAF456 /* Release */ = {
			isa = XCBuildConfiguration;
			buildSettings = {
				ALWAYS_SEARCH_USER_PATHS = NO;
				ARCHS = "$(ARCHS_STANDARD_INCLUDING_64_BIT)";
				CLANG_CXX_LANGUAGE_STANDARD = "gnu++0x";
				CLANG_CXX_LIBRARY = "libc++";
				CLANG_ENABLE_MODULES = YES;
				CLANG_ENABLE_OBJC_ARC = YES;
				CLANG_WARN_BOOL_CONVERSION = YES;
				CLANG_WARN_CONSTANT_CONVERSION = YES;
				CLANG_WARN_DIRECT_OBJC_ISA_USAGE = YES_ERROR;
				CLANG_WARN_EMPTY_BODY = YES;
				CLANG_WARN_ENUM_CONVERSION = YES;
				CLANG_WARN_INT_CONVERSION = YES;
				CLANG_WARN_OBJC_ROOT_CLASS = YES_ERROR;
				CLANG_WARN__DUPLICATE_METHOD_MATCH = YES;
				"CODE_SIGN_IDENTITY[sdk=iphoneos*]" = "iPhone Developer";
				COPY_PHASE_STRIP = YES;
				ENABLE_NS_ASSERTIONS = NO;
				GCC_C_LANGUAGE_STANDARD = gnu99;
				GCC_WARN_64_TO_32_BIT_CONVERSION = YES;
				GCC_WARN_ABOUT_RETURN_TYPE = YES_ERROR;
				GCC_WARN_UNDECLARED_SELECTOR = YES;
				GCC_WARN_UNINITIALIZED_AUTOS = YES;
				GCC_WARN_UNUSED_FUNCTION = YES;
				GCC_WARN_UNUSED_VARIABLE = YES;
				IPHONEOS_DEPLOYMENT_TARGET = 7.0;
				SDKROOT = iphoneos;
				VALIDATE_PRODUCT = YES;
			};
			name = Release;
		};
		EB904EA518506D6400EAF456 /* Debug */ = {
			isa = XCBuildConfiguration;
			buildSettings = {
				ASSETCATALOG_COMPILER_APPICON_NAME = AppIcon;
				ASSETCATALOG_COMPILER_LAUNCHIMAGE_NAME = LaunchImage;
				GCC_PRECOMPILE_PREFIX_HEADER = YES;
				GCC_PREFIX_HEADER = "btnStatus/btnStatus-Prefix.pch";
				INFOPLIST_FILE = "btnStatus/btnStatus-Info.plist";
				PRODUCT_NAME = "$(TARGET_NAME)";
				WRAPPER_EXTENSION = app;
			};
			name = Debug;
		};
		EB904EA618506D6400EAF456 /* Release */ = {
			isa = XCBuildConfiguration;
			buildSettings = {
				ASSETCATALOG_COMPILER_APPICON_NAME = AppIcon;
				ASSETCATALOG_COMPILER_LAUNCHIMAGE_NAME = LaunchImage;
				GCC_PRECOMPILE_PREFIX_HEADER = YES;
				GCC_PREFIX_HEADER = "btnStatus/btnStatus-Prefix.pch";
				INFOPLIST_FILE = "btnStatus/btnStatus-Info.plist";
				PRODUCT_NAME = "$(TARGET_NAME)";
				WRAPPER_EXTENSION = app;
			};
			name = Release;
		};
		EB904EA818506D6400EAF456 /* Debug */ = {
			isa = XCBuildConfiguration;
			buildSettings = {
				ARCHS = "$(ARCHS_STANDARD_INCLUDING_64_BIT)";
				BUNDLE_LOADER = "$(BUILT_PRODUCTS_DIR)/btnStatus.app/btnStatus";
				FRAMEWORK_SEARCH_PATHS = (
					"$(SDKROOT)/Developer/Library/Frameworks",
					"$(inherited)",
					"$(DEVELOPER_FRAMEWORKS_DIR)",
				);
				GCC_PRECOMPILE_PREFIX_HEADER = YES;
				GCC_PREFIX_HEADER = "btnStatus/btnStatus-Prefix.pch";
				GCC_PREPROCESSOR_DEFINITIONS = (
					"DEBUG=1",
					"$(inherited)",
				);
				INFOPLIST_FILE = "btnStatusTests/btnStatusTests-Info.plist";
				PRODUCT_NAME = "$(TARGET_NAME)";
				TEST_HOST = "$(BUNDLE_LOADER)";
				WRAPPER_EXTENSION = xctest;
			};
			name = Debug;
		};
		EB904EA918506D6400EAF456 /* Release */ = {
			isa = XCBuildConfiguration;
			buildSettings = {
				ARCHS = "$(ARCHS_STANDARD_INCLUDING_64_BIT)";
				BUNDLE_LOADER = "$(BUILT_PRODUCTS_DIR)/btnStatus.app/btnStatus";
				FRAMEWORK_SEARCH_PATHS = (
					"$(SDKROOT)/Developer/Library/Frameworks",
					"$(inherited)",
					"$(DEVELOPER_FRAMEWORKS_DIR)",
				);
				GCC_PRECOMPILE_PREFIX_HEADER = YES;
				GCC_PREFIX_HEADER = "btnStatus/btnStatus-Prefix.pch";
				INFOPLIST_FILE = "btnStatusTests/btnStatusTests-Info.plist";
				PRODUCT_NAME = "$(TARGET_NAME)";
				TEST_HOST = "$(BUNDLE_LOADER)";
				WRAPPER_EXTENSION = xctest;
			};
			name = Release;
		};
/* End XCBuildConfiguration section */

/* Begin XCConfigurationList section */
		EB904E6D18506D6400EAF456 /* Build configuration list for PBXProject "btnStatus" */ = {
			isa = XCConfigurationList;
			buildConfigurations = (
				EB904EA218506D6400EAF456 /* Debug */,
				EB904EA318506D6400EAF456 /* Release */,
			);
			defaultConfigurationIsVisible = 0;
			defaultConfigurationName = Release;
		};
		EB904EA418506D6400EAF456 /* Build configuration list for PBXNativeTarget "btnStatus" */ = {
			isa = XCConfigurationList;
			buildConfigurations = (
				EB904EA518506D6400EAF456 /* Debug */,
				EB904EA618506D6400EAF456 /* Release */,
			);
			defaultConfigurationIsVisible = 0;
		};
		EB904EA718506D6400EAF456 /* Build configuration list for PBXNativeTarget "btnStatusTests" */ = {
			isa = XCConfigurationList;
			buildConfigurations = (
				EB904EA818506D6400EAF456 /* Debug */,
				EB904EA918506D6400EAF456 /* Release */,
			);
			defaultConfigurationIsVisible = 0;
		};
/* End XCConfigurationList section */
	};
	rootObject = EB904E6A18506D6400EAF456 /* Project object */;
}
